// !$*UTF8*$!
{
	archiveVersion = 1;
	classes = {
	};
	objectVersion = 46;
	objects = {

/* Begin PBXFileReference section */
		E0660AD31E465D9300F2EFA4 /* LockScreenManager.m */ = {isa = PBXFileReference; lastKnownFileType = sourcecode.c.objc; path = LockScreenManager.m; sourceTree = "<group>"; };
		E0660AD41E465DA400F2EFA4 /* LockScreenManager.h */ = {isa = PBXFileReference; lastKnownFileType = sourcecode.c.h; path = LockScreenManager.h; sourceTree = "<group>"; };
/* End PBXFileReference section */

/* Begin PBXGroup section */
		E0660ACC1E465D6200F2EFA4 = {
			isa = PBXGroup;
			children = (
				E0660AD41E465DA400F2EFA4 /* LockScreenManager.h */,
				E0660AD31E465D9300F2EFA4 /* LockScreenManager.m */,
			);
			sourceTree = "<group>";
		};
/* End PBXGroup section */

/* Begin PBXProject section */
		E0660ACD1E465D6200F2EFA4 /* Project object */ = {
			isa = PBXProject;
			attributes = {
				LastUpgradeCheck = 0820;
			};
			buildConfigurationList = E0660AD01E465D6200F2EFA4 /* Build configuration list for PBXProject "react-native-player-lockscreen" */;
			compatibilityVersion = "Xcode 3.2";
			developmentRegion = English;
			hasScannedForEncodings = 0;
			knownRegions = (
				en,
			);
			mainGroup = E0660ACC1E465D6200F2EFA4;
			projectDirPath = "";
			projectRoot = "";
			targets = (
			);
		};
/* End PBXProject section */

/* Begin XCBuildConfiguration section */
		E0660AD11E465D6200F2EFA4 /* Debug */ = {
			isa = XCBuildConfiguration;
			buildSettings = {
			};
			name = Debug;
		};
		E0660AD21E465D6200F2EFA4 /* Release */ = {
			isa = XCBuildConfiguration;
			buildSettings = {
			};
			name = Release;
		};
/* End XCBuildConfiguration section */

/* Begin XCConfigurationList section */
		E0660AD01E465D6200F2EFA4 /* Build configuration list for PBXProject "react-native-player-lockscreen" */ = {
			isa = XCConfigurationList;
			buildConfigurations = (
				E0660AD11E465D6200F2EFA4 /* Debug */,
				E0660AD21E465D6200F2EFA4 /* Release */,
			);
			defaultConfigurationIsVisible = 0;
			defaultConfigurationName = Release;
		};
/* End XCConfigurationList section */
	};
	rootObject = E0660ACD1E465D6200F2EFA4 /* Project object */;
}
